
Microsoft Visual Studio Solution File, Format Version 12.00
# Visual Studio Version 16
VisualStudioVersion = 16.0.31005.135
MinimumVisualStudioVersion = 10.0.40219.1
Project("{9A19103F-16F7-4668-BE54-9A1E7A4F7556}") = "DataAccess", "DataAccess\DataAccess.csproj", "{17AB2D54-01A7-440C-B56A-101F4041F7AF}"
EndProject
Project("{9A19103F-16F7-4668-BE54-9A1E7A4F7556}") = "Business", "Business\Business.csproj", "{5295807E-A02C-4EC2-A556-ED1398A2DF7C}"
EndProject
Project("{9A19103F-16F7-4668-BE54-9A1E7A4F7556}") = "Entites", "Entites\Entites.csproj", "{79BE5299-3378-4D4F-B6F8-56CD4033F420}"
EndProject
Project("{9A19103F-16F7-4668-BE54-9A1E7A4F7556}") = "ConsoleUI", "ConsoleUI\ConsoleUI.csproj", "{8E9F1E2E-A18E-4494-AC41-52A36FAE9904}"
EndProject
Project("{FAE04EC0-301F-11D3-BF4B-00C04F79EFBC}") = "Core", "Core\Core.csproj", "{461A5B83-135E-489E-BA73-CCD48517393B}"
EndProject
Global
	GlobalSection(SolutionConfigurationPlatforms) = preSolution
		Debug|Any CPU = Debug|Any CPU
		Release|Any CPU = Release|Any CPU
	EndGlobalSection
	GlobalSection(ProjectConfigurationPlatforms) = postSolution
		{17AB2D54-01A7-440C-B56A-101F4041F7AF}.Debug|Any CPU.ActiveCfg = Debug|Any CPU
		{17AB2D54-01A7-440C-B56A-101F4041F7AF}.Debug|Any CPU.Build.0 = Debug|Any CPU
		{17AB2D54-01A7-440C-B56A-101F4041F7AF}.Release|Any CPU.ActiveCfg = Release|Any CPU
		{17AB2D54-01A7-440C-B56A-101F4041F7AF}.Release|Any CPU.Build.0 = Release|Any CPU
		{5295807E-A02C-4EC2-A556-ED1398A2DF7C}.Debug|Any CPU.ActiveCfg = Debug|Any CPU
		{5295807E-A02C-4EC2-A556-ED1398A2DF7C}.Debug|Any CPU.Build.0 = Debug|Any CPU
		{5295807E-A02C-4EC2-A556-ED1398A2DF7C}.Release|Any CPU.ActiveCfg = Release|Any CPU
		{5295807E-A02C-4EC2-A556-ED1398A2DF7C}.Release|Any CPU.Build.0 = Release|Any CPU
		{79BE5299-3378-4D4F-B6F8-56CD4033F420}.Debug|Any CPU.ActiveCfg = Debug|Any CPU
		{79BE5299-3378-4D4F-B6F8-56CD4033F420}.Debug|Any CPU.Build.0 = Debug|Any CPU
		{79BE5299-3378-4D4F-B6F8-56CD4033F420}.Release|Any CPU.ActiveCfg = Release|Any CPU
		{79BE5299-3378-4D4F-B6F8-56CD4033F420}.Release|Any CPU.Build.0 = Release|Any CPU
		{8E9F1E2E-A18E-4494-AC41-52A36FAE9904}.Debug|Any CPU.ActiveCfg = Debug|Any CPU
		{8E9F1E2E-A18E-4494-AC41-52A36FAE9904}.Debug|Any CPU.Build.0 = Debug|Any CPU
		{8E9F1E2E-A18E-4494-AC41-52A36FAE9904}.Release|Any CPU.ActiveCfg = Release|Any CPU
		{8E9F1E2E-A18E-4494-AC41-52A36FAE9904}.Release|Any CPU.Build.0 = Release|Any CPU
		{461A5B83-135E-489E-BA73-CCD48517393B}.Debug|Any CPU.ActiveCfg = Debug|Any CPU
		{461A5B83-135E-489E-BA73-CCD48517393B}.Debug|Any CPU.Build.0 = Debug|Any CPU
		{461A5B83-135E-489E-BA73-CCD48517393B}.Release|Any CPU.ActiveCfg = Release|Any CPU
		{461A5B83-135E-489E-BA73-CCD48517393B}.Release|Any CPU.Build.0 = Release|Any CPU
	EndGlobalSection
	GlobalSection(SolutionProperties) = preSolution
		HideSolutionNode = FALSE
	EndGlobalSection
	GlobalSection(ExtensibilityGlobals) = postSolution
		SolutionGuid = {28E3E02E-C586-4250-BA67-DC74529C1B97}
	EndGlobalSection
EndGlobal
